// !$*UTF8*$!
{
	archiveVersion = 1;
	classes = {
	};
	objectVersion = 46;
	objects = {

/* Begin PBXBuildFile section */
		4934413B1811F4FF009123A9 /* Foundation.framework in Frameworks */ = {isa = PBXBuildFile; fileRef = 4934413A1811F4FF009123A9 /* Foundation.framework */; };
		4934413D1811F4FF009123A9 /* CoreGraphics.framework in Frameworks */ = {isa = PBXBuildFile; fileRef = 4934413C1811F4FF009123A9 /* CoreGraphics.framework */; };
		4934413F1811F4FF009123A9 /* UIKit.framework in Frameworks */ = {isa = PBXBuildFile; fileRef = 4934413E1811F4FF009123A9 /* UIKit.framework */; };
		493441451811F4FF009123A9 /* InfoPlist.strings in Resources */ = {isa = PBXBuildFile; fileRef = 493441431811F4FF009123A9 /* InfoPlist.strings */; };
		493441471811F4FF009123A9 /* main.m in Sources */ = {isa = PBXBuildFile; fileRef = 493441461811F4FF009123A9 /* main.m */; };
		4934414B1811F4FF009123A9 /* GPGAppDelegate.m in Sources */ = {isa = PBXBuildFile; fileRef = 4934414A1811F4FF009123A9 /* GPGAppDelegate.m */; };
		4934414E1811F4FF009123A9 /* Main.storyboard in Resources */ = {isa = PBXBuildFile; fileRef = 4934414C1811F4FF009123A9 /* Main.storyboard */; };
		493441511811F4FF009123A9 /* GPGViewController.m in Sources */ = {isa = PBXBuildFile; fileRef = 493441501811F4FF009123A9 /* GPGViewController.m */; };
		493441531811F4FF009123A9 /* Images.xcassets in Resources */ = {isa = PBXBuildFile; fileRef = 493441521811F4FF009123A9 /* Images.xcassets */; };
		4934415A1811F4FF009123A9 /* XCTest.framework in Frameworks */ = {isa = PBXBuildFile; fileRef = 493441591811F4FF009123A9 /* XCTest.framework */; };
		4934415B1811F4FF009123A9 /* Foundation.framework in Frameworks */ = {isa = PBXBuildFile; fileRef = 4934413A1811F4FF009123A9 /* Foundation.framework */; };
		4934415C1811F4FF009123A9 /* UIKit.framework in Frameworks */ = {isa = PBXBuildFile; fileRef = 4934413E1811F4FF009123A9 /* UIKit.framework */; };
		493441641811F4FF009123A9 /* InfoPlist.strings in Resources */ = {isa = PBXBuildFile; fileRef = 493441621811F4FF009123A9 /* InfoPlist.strings */; };
		493441661811F4FF009123A9 /* censusTests.m in Sources */ = {isa = PBXBuildFile; fileRef = 493441651811F4FF009123A9 /* censusTests.m */; };
		493DB9461825F5560067AF56 /* StateTableViewController.m in Sources */ = {isa = PBXBuildFile; fileRef = 493DB9451825F5560067AF56 /* StateTableViewController.m */; };
		493DB9481825F56C0067AF56 /* StateList.plist in Resources */ = {isa = PBXBuildFile; fileRef = 493DB9471825F56C0067AF56 /* StateList.plist */; };
		497EB3FE182C609000A83BCE /* SystemConfiguration.framework in Frameworks */ = {isa = PBXBuildFile; fileRef = 497EB3FD182C609000A83BCE /* SystemConfiguration.framework */; };
		497EB400182C609500A83BCE /* MobileCoreServices.framework in Frameworks */ = {isa = PBXBuildFile; fileRef = 497EB3FF182C609500A83BCE /* MobileCoreServices.framework */; };
		497EB402182C60B100A83BCE /* libz.dylib in Frameworks */ = {isa = PBXBuildFile; fileRef = 497EB401182C60B100A83BCE /* libz.dylib */; };
/* End PBXBuildFile section */

/* Begin PBXContainerItemProxy section */
		4934415D1811F4FF009123A9 /* PBXContainerItemProxy */ = {
			isa = PBXContainerItemProxy;
			containerPortal = 4934412F1811F4FF009123A9 /* Project object */;
			proxyType = 1;
			remoteGlobalIDString = 493441361811F4FF009123A9;
			remoteInfo = census;
		};
/* End PBXContainerItemProxy section */

/* Begin PBXFileReference section */
		493441371811F4FF009123A9 /* census.app */ = {isa = PBXFileReference; explicitFileType = wrapper.application; includeInIndex = 0; path = census.app; sourceTree = BUILT_PRODUCTS_DIR; };
		4934413A1811F4FF009123A9 /* Foundation.framework */ = {isa = PBXFileReference; lastKnownFileType = wrapper.framework; name = Foundation.framework; path = System/Library/Frameworks/Foundation.framework; sourceTree = SDKROOT; };
		4934413C1811F4FF009123A9 /* CoreGraphics.framework */ = {isa = PBXFileReference; lastKnownFileType = wrapper.framework; name = CoreGraphics.framework; path = System/Library/Frameworks/CoreGraphics.framework; sourceTree = SDKROOT; };
		4934413E1811F4FF009123A9 /* UIKit.framework */ = {isa = PBXFileReference; lastKnownFileType = wrapper.framework; name = UIKit.framework; path = System/Library/Frameworks/UIKit.framework; sourceTree = SDKROOT; };
		493441421811F4FF009123A9 /* census-Info.plist */ = {isa = PBXFileReference; lastKnownFileType = text.plist.xml; path = "census-Info.plist"; sourceTree = "<group>"; };
		493441441811F4FF009123A9 /* en */ = {isa = PBXFileReference; lastKnownFileType = text.plist.strings; name = en; path = en.lproj/InfoPlist.strings; sourceTree = "<group>"; };
		493441461811F4FF009123A9 /* main.m */ = {isa = PBXFileReference; lastKnownFileType = sourcecode.c.objc; path = main.m; sourceTree = "<group>"; };
		493441481811F4FF009123A9 /* census-Prefix.pch */ = {isa = PBXFileReference; lastKnownFileType = sourcecode.c.h; path = "census-Prefix.pch"; sourceTree = "<group>"; };
		493441491811F4FF009123A9 /* GPGAppDelegate.h */ = {isa = PBXFileReference; lastKnownFileType = sourcecode.c.h; path = GPGAppDelegate.h; sourceTree = "<group>"; };
		4934414A1811F4FF009123A9 /* GPGAppDelegate.m */ = {isa = PBXFileReference; lastKnownFileType = sourcecode.c.objc; path = GPGAppDelegate.m; sourceTree = "<group>"; };
		4934414D1811F4FF009123A9 /* Base */ = {isa = PBXFileReference; lastKnownFileType = file.storyboard; name = Base; path = Base.lproj/Main.storyboard; sourceTree = "<group>"; };
		4934414F1811F4FF009123A9 /* GPGViewController.h */ = {isa = PBXFileReference; lastKnownFileType = sourcecode.c.h; path = GPGViewController.h; sourceTree = "<group>"; };
		493441501811F4FF009123A9 /* GPGViewController.m */ = {isa = PBXFileReference; lastKnownFileType = sourcecode.c.objc; path = GPGViewController.m; sourceTree = "<group>"; };
		493441521811F4FF009123A9 /* Images.xcassets */ = {isa = PBXFileReference; lastKnownFileType = folder.assetcatalog; path = Images.xcassets; sourceTree = "<group>"; };
		493441581811F4FF009123A9 /* censusTests.xctest */ = {isa = PBXFileReference; explicitFileType = wrapper.cfbundle; includeInIndex = 0; path = censusTests.xctest; sourceTree = BUILT_PRODUCTS_DIR; };
		493441591811F4FF009123A9 /* XCTest.framework */ = {isa = PBXFileReference; lastKnownFileType = wrapper.framework; name = XCTest.framework; path = Library/Frameworks/XCTest.framework; sourceTree = DEVELOPER_DIR; };
		493441611811F4FF009123A9 /* censusTests-Info.plist */ = {isa = PBXFileReference; lastKnownFileType = text.plist.xml; path = "censusTests-Info.plist"; sourceTree = "<group>"; };
		493441631811F4FF009123A9 /* en */ = {isa = PBXFileReference; lastKnownFileType = text.plist.strings; name = en; path = en.lproj/InfoPlist.strings; sourceTree = "<group>"; };
		493441651811F4FF009123A9 /* censusTests.m */ = {isa = PBXFileReference; lastKnownFileType = sourcecode.c.objc; path = censusTests.m; sourceTree = "<group>"; };
		493DB9441825F5560067AF56 /* StateTableViewController.h */ = {isa = PBXFileReference; fileEncoding = 4; lastKnownFileType = sourcecode.c.h; path = StateTableViewController.h; sourceTree = "<group>"; };
		493DB9451825F5560067AF56 /* StateTableViewController.m */ = {isa = PBXFileReference; fileEncoding = 4; lastKnownFileType = sourcecode.c.objc; path = StateTableViewController.m; sourceTree = "<group>"; };
		493DB9471825F56C0067AF56 /* StateList.plist */ = {isa = PBXFileReference; fileEncoding = 4; lastKnownFileType = text.plist.xml; path = StateList.plist; sourceTree = "<group>"; };
		497EB3FD182C609000A83BCE /* SystemConfiguration.framework */ = {isa = PBXFileReference; lastKnownFileType = wrapper.framework; name = SystemConfiguration.framework; path = System/Library/Frameworks/SystemConfiguration.framework; sourceTree = SDKROOT; };
		497EB3FF182C609500A83BCE /* MobileCoreServices.framework */ = {isa = PBXFileReference; lastKnownFileType = wrapper.framework; name = MobileCoreServices.framework; path = System/Library/Frameworks/MobileCoreServices.framework; sourceTree = SDKROOT; };
		497EB401182C60B100A83BCE /* libz.dylib */ = {isa = PBXFileReference; lastKnownFileType = "compiled.mach-o.dylib"; name = libz.dylib; path = usr/lib/libz.dylib; sourceTree = SDKROOT; };
/* End PBXFileReference section */

/* Begin PBXFrameworksBuildPhase section */
		493441341811F4FF009123A9 /* Frameworks */ = {
			isa = PBXFrameworksBuildPhase;
			buildActionMask = 2147483647;
			files = (
				497EB402182C60B100A83BCE /* libz.dylib in Frameworks */,
				497EB400182C609500A83BCE /* MobileCoreServices.framework in Frameworks */,
				497EB3FE182C609000A83BCE /* SystemConfiguration.framework in Frameworks */,
				4934413D1811F4FF009123A9 /* CoreGraphics.framework in Frameworks */,
				4934413F1811F4FF009123A9 /* UIKit.framework in Frameworks */,
				4934413B1811F4FF009123A9 /* Foundation.framework in Frameworks */,
			);
			runOnlyForDeploymentPostprocessing = 0;
		};
		493441551811F4FF009123A9 /* Frameworks */ = {
			isa = PBXFrameworksBuildPhase;
			buildActionMask = 2147483647;
			files = (
				4934415A1811F4FF009123A9 /* XCTest.framework in Frameworks */,
				4934415C1811F4FF009123A9 /* UIKit.framework in Frameworks */,
				4934415B1811F4FF009123A9 /* Foundation.framework in Frameworks */,
			);
			runOnlyForDeploymentPostprocessing = 0;
		};
/* End PBXFrameworksBuildPhase section */

/* Begin PBXGroup section */
		4934412E1811F4FF009123A9 = {
			isa = PBXGroup;
			children = (
				493441401811F4FF009123A9 /* census */,
				4934415F1811F4FF009123A9 /* censusTests */,
				493441391811F4FF009123A9 /* Frameworks */,
				493441381811F4FF009123A9 /* Products */,
			);
			sourceTree = "<group>";
		};
		493441381811F4FF009123A9 /* Products */ = {
			isa = PBXGroup;
			children = (
				493441371811F4FF009123A9 /* census.app */,
				493441581811F4FF009123A9 /* censusTests.xctest */,
			);
			name = Products;
			sourceTree = "<group>";
		};
		493441391811F4FF009123A9 /* Frameworks */ = {
			isa = PBXGroup;
			children = (
				497EB401182C60B100A83BCE /* libz.dylib */,
				497EB3FF182C609500A83BCE /* MobileCoreServices.framework */,
				497EB3FD182C609000A83BCE /* SystemConfiguration.framework */,
				4934413A1811F4FF009123A9 /* Foundation.framework */,
				4934413C1811F4FF009123A9 /* CoreGraphics.framework */,
				4934413E1811F4FF009123A9 /* UIKit.framework */,
				493441591811F4FF009123A9 /* XCTest.framework */,
			);
			name = Frameworks;
			sourceTree = "<group>";
		};
		493441401811F4FF009123A9 /* census */ = {
			isa = PBXGroup;
			children = (
				493441491811F4FF009123A9 /* GPGAppDelegate.h */,
				4934414A1811F4FF009123A9 /* GPGAppDelegate.m */,
				4934414C1811F4FF009123A9 /* Main.storyboard */,
				4934414F1811F4FF009123A9 /* GPGViewController.h */,
				493441501811F4FF009123A9 /* GPGViewController.m */,
				493DB9441825F5560067AF56 /* StateTableViewController.h */,
				493DB9451825F5560067AF56 /* StateTableViewController.m */,
				493DB9471825F56C0067AF56 /* StateList.plist */,
				493441521811F4FF009123A9 /* Images.xcassets */,
				493441411811F4FF009123A9 /* Supporting Files */,
			);
			path = census;
			sourceTree = "<group>";
		};
		493441411811F4FF009123A9 /* Supporting Files */ = {
			isa = PBXGroup;
			children = (
				493441421811F4FF009123A9 /* census-Info.plist */,
				493441431811F4FF009123A9 /* InfoPlist.strings */,
				493441461811F4FF009123A9 /* main.m */,
				493441481811F4FF009123A9 /* census-Prefix.pch */,
			);
			name = "Supporting Files";
			sourceTree = "<group>";
		};
		4934415F1811F4FF009123A9 /* censusTests */ = {
			isa = PBXGroup;
			children = (
				493441651811F4FF009123A9 /* censusTests.m */,
				493441601811F4FF009123A9 /* Supporting Files */,
			);
			path = censusTests;
			sourceTree = "<group>";
		};
		493441601811F4FF009123A9 /* Supporting Files */ = {
			isa = PBXGroup;
			children = (
				493441611811F4FF009123A9 /* censusTests-Info.plist */,
				493441621811F4FF009123A9 /* InfoPlist.strings */,
			);
			name = "Supporting Files";
			sourceTree = "<group>";
		};
/* End PBXGroup section */

/* Begin PBXNativeTarget section */
		493441361811F4FF009123A9 /* census */ = {
			isa = PBXNativeTarget;
			buildConfigurationList = 493441691811F4FF009123A9 /* Build configuration list for PBXNativeTarget "census" */;
			buildPhases = (
				493441331811F4FF009123A9 /* Sources */,
				493441341811F4FF009123A9 /* Frameworks */,
				493441351811F4FF009123A9 /* Resources */,
			);
			buildRules = (
			);
			dependencies = (
			);
			name = census;
			productName = census;
			productReference = 493441371811F4FF009123A9 /* census.app */;
			productType = "com.apple.product-type.application";
		};
		493441571811F4FF009123A9 /* censusTests */ = {
			isa = PBXNativeTarget;
			buildConfigurationList = 4934416C1811F4FF009123A9 /* Build configuration list for PBXNativeTarget "censusTests" */;
			buildPhases = (
				493441541811F4FF009123A9 /* Sources */,
				493441551811F4FF009123A9 /* Frameworks */,
				493441561811F4FF009123A9 /* Resources */,
			);
			buildRules = (
			);
			dependencies = (
				4934415E1811F4FF009123A9 /* PBXTargetDependency */,
			);
			name = censusTests;
			productName = censusTests;
			productReference = 493441581811F4FF009123A9 /* censusTests.xctest */;
			productType = "com.apple.product-type.bundle.unit-test";
		};
/* End PBXNativeTarget section */

/* Begin PBXProject section */
		4934412F1811F4FF009123A9 /* Project object */ = {
			isa = PBXProject;
			attributes = {
				CLASSPREFIX = GPG;
				LastUpgradeCheck = 0500;
				ORGANIZATIONNAME = "ATFinke Productions Incorperated";
				TargetAttributes = {
					493441571811F4FF009123A9 = {
						TestTargetID = 493441361811F4FF009123A9;
					};
				};
			};
			buildConfigurationList = 493441321811F4FF009123A9 /* Build configuration list for PBXProject "census" */;
			compatibilityVersion = "Xcode 3.2";
			developmentRegion = English;
			hasScannedForEncodings = 0;
			knownRegions = (
				en,
				Base,
			);
			mainGroup = 4934412E1811F4FF009123A9;
			productRefGroup = 493441381811F4FF009123A9 /* Products */;
			projectDirPath = "";
			projectRoot = "";
			targets = (
				493441361811F4FF009123A9 /* census */,
				493441571811F4FF009123A9 /* censusTests */,
			);
		};
/* End PBXProject section */

/* Begin PBXResourcesBuildPhase section */
		493441351811F4FF009123A9 /* Resources */ = {
			isa = PBXResourcesBuildPhase;
			buildActionMask = 2147483647;
			files = (
				493441531811F4FF009123A9 /* Images.xcassets in Resources */,
				493441451811F4FF009123A9 /* InfoPlist.strings in Resources */,
				493DB9481825F56C0067AF56 /* StateList.plist in Resources */,
				4934414E1811F4FF009123A9 /* Main.storyboard in Resources */,
			);
			runOnlyForDeploymentPostprocessing = 0;
		};
		493441561811F4FF009123A9 /* Resources */ = {
			isa = PBXResourcesBuildPhase;
			buildActionMask = 2147483647;
			files = (
				493441641811F4FF009123A9 /* InfoPlist.strings in Resources */,
			);
			runOnlyForDeploymentPostprocessing = 0;
		};
/* End PBXResourcesBuildPhase section */

/* Begin PBXSourcesBuildPhase section */
		493441331811F4FF009123A9 /* Sources */ = {
			isa = PBXSourcesBuildPhase;
			buildActionMask = 2147483647;
			files = (
				493441471811F4FF009123A9 /* main.m in Sources */,
				493DB9461825F5560067AF56 /* StateTableViewController.m in Sources */,
				493441511811F4FF009123A9 /* GPGViewController.m in Sources */,
				4934414B1811F4FF009123A9 /* GPGAppDelegate.m in Sources */,
			);
			runOnlyForDeploymentPostprocessing = 0;
		};
		493441541811F4FF009123A9 /* Sources */ = {
			isa = PBXSourcesBuildPhase;
			buildActionMask = 2147483647;
			files = (
				493441661811F4FF009123A9 /* censusTests.m in Sources */,
			);
			runOnlyForDeploymentPostprocessing = 0;
		};
/* End PBXSourcesBuildPhase section */

/* Begin PBXTargetDependency section */
		4934415E1811F4FF009123A9 /* PBXTargetDependency */ = {
			isa = PBXTargetDependency;
			target = 493441361811F4FF009123A9 /* census */;
			targetProxy = 4934415D1811F4FF009123A9 /* PBXContainerItemProxy */;
		};
/* End PBXTargetDependency section */

/* Begin PBXVariantGroup section */
		493441431811F4FF009123A9 /* InfoPlist.strings */ = {
			isa = PBXVariantGroup;
			children = (
				493441441811F4FF009123A9 /* en */,
			);
			name = InfoPlist.strings;
			sourceTree = "<group>";
		};
		4934414C1811F4FF009123A9 /* Main.storyboard */ = {
			isa = PBXVariantGroup;
			children = (
				4934414D1811F4FF009123A9 /* Base */,
			);
			name = Main.storyboard;
			sourceTree = "<group>";
		};
		493441621811F4FF009123A9 /* InfoPlist.strings */ = {
			isa = PBXVariantGroup;
			children = (
				493441631811F4FF009123A9 /* en */,
			);
			name = InfoPlist.strings;
			sourceTree = "<group>";
		};
/* End PBXVariantGroup section */

/* Begin XCBuildConfiguration section */
		493441671811F4FF009123A9 /* Debug */ = {
			isa = XCBuildConfiguration;
			buildSettings = {
				ALWAYS_SEARCH_USER_PATHS = NO;
				ARCHS = "$(ARCHS_STANDARD_INCLUDING_64_BIT)";
				CLANG_CXX_LANGUAGE_STANDARD = "gnu++0x";
				CLANG_CXX_LIBRARY = "libc++";
				CLANG_ENABLE_MODULES = YES;
				CLANG_ENABLE_OBJC_ARC = YES;
				CLANG_WARN_BOOL_CONVERSION = YES;
				CLANG_WARN_CONSTANT_CONVERSION = YES;
				CLANG_WARN_DIRECT_OBJC_ISA_USAGE = YES_ERROR;
				CLANG_WARN_EMPTY_BODY = YES;
				CLANG_WARN_ENUM_CONVERSION = YES;
				CLANG_WARN_INT_CONVERSION = YES;
				CLANG_WARN_OBJC_ROOT_CLASS = YES_ERROR;
				CLANG_WARN__DUPLICATE_METHOD_MATCH = YES;
				"CODE_SIGN_IDENTITY[sdk=iphoneos*]" = "iPhone Developer";
				COPY_PHASE_STRIP = NO;
				GCC_C_LANGUAGE_STANDARD = gnu99;
				GCC_DYNAMIC_NO_PIC = NO;
				GCC_OPTIMIZATION_LEVEL = 0;
				GCC_PREPROCESSOR_DEFINITIONS = (
					"DEBUG=1",
					"$(inherited)",
				);
				GCC_SYMBOLS_PRIVATE_EXTERN = NO;
				GCC_WARN_64_TO_32_BIT_CONVERSION = YES;
				GCC_WARN_ABOUT_RETURN_TYPE = YES_ERROR;
				GCC_WARN_UNDECLARED_SELECTOR = YES;
				GCC_WARN_UNINITIALIZED_AUTOS = YES;
				GCC_WARN_UNUSED_FUNCTION = YES;
				GCC_WARN_UNUSED_VARIABLE = YES;
				IPHONEOS_DEPLOYMENT_TARGET = 7.0;
				ONLY_ACTIVE_ARCH = YES;
				SDKROOT = iphoneos;
			};
			name = Debug;
		};
		493441681811F4FF009123A9 /* Release */ = {
			isa = XCBuildConfiguration;
			buildSettings = {
				ALWAYS_SEARCH_USER_PATHS = NO;
				ARCHS = "$(ARCHS_STANDARD_INCLUDING_64_BIT)";
				CLANG_CXX_LANGUAGE_STANDARD = "gnu++0x";
				CLANG_CXX_LIBRARY = "libc++";
				CLANG_ENABLE_MODULES = YES;
				CLANG_ENABLE_OBJC_ARC = YES;
				CLANG_WARN_BOOL_CONVERSION = YES;
				CLANG_WARN_CONSTANT_CONVERSION = YES;
				CLANG_WARN_DIRECT_OBJC_ISA_USAGE = YES_ERROR;
				CLANG_WARN_EMPTY_BODY = YES;
				CLANG_WARN_ENUM_CONVERSION = YES;
				CLANG_WARN_INT_CONVERSION = YES;
				CLANG_WARN_OBJC_ROOT_CLASS = YES_ERROR;
				CLANG_WARN__DUPLICATE_METHOD_MATCH = YES;
				"CODE_SIGN_IDENTITY[sdk=iphoneos*]" = "iPhone Developer";
				COPY_PHASE_STRIP = YES;
				ENABLE_NS_ASSERTIONS = NO;
				GCC_C_LANGUAGE_STANDARD = gnu99;
				GCC_WARN_64_TO_32_BIT_CONVERSION = YES;
				GCC_WARN_ABOUT_RETURN_TYPE = YES_ERROR;
				GCC_WARN_UNDECLARED_SELECTOR = YES;
				GCC_WARN_UNINITIALIZED_AUTOS = YES;
				GCC_WARN_UNUSED_FUNCTION = YES;
				GCC_WARN_UNUSED_VARIABLE = YES;
				IPHONEOS_DEPLOYMENT_TARGET = 7.0;
				SDKROOT = iphoneos;
				VALIDATE_PRODUCT = YES;
			};
			name = Release;
		};
		4934416A1811F4FF009123A9 /* Debug */ = {
			isa = XCBuildConfiguration;
			buildSettings = {
				ASSETCATALOG_COMPILER_APPICON_NAME = AppIcon;
				ASSETCATALOG_COMPILER_LAUNCHIMAGE_NAME = LaunchImage;
				CODE_SIGN_IDENTITY = "iPhone Distribution: Thomas S Finke (V7H4B3C39A)";
				FRAMEWORK_SEARCH_PATHS = (
					"$(inherited)",
					"/Users/Andrew/Documents/My\\ API/Tracking\\ API",
				);
				GCC_PRECOMPILE_PREFIX_HEADER = YES;
				GCC_PREFIX_HEADER = "census/census-Prefix.pch";
				INFOPLIST_FILE = "census/census-Info.plist";
				IPHONEOS_DEPLOYMENT_TARGET = 7.0;
				LIBRARY_SEARCH_PATHS = (
					"$(inherited)",
					"/Users/Andrew/Documents/My\\ API/Tracking\\ API/Flurry",
					"/Users/Andrew/Documents/My\\ API/Tracking\\ API/TestFlight",
				);
				PRODUCT_NAME = "$(TARGET_NAME)";
				PROVISIONING_PROFILE = "8CD5BEF8-53D5-42E0-85F6-3C001E1F7620";
				TARGETED_DEVICE_FAMILY = 1;
				WRAPPER_EXTENSION = app;
			};
			name = Debug;
		};
		4934416B1811F4FF009123A9 /* Release */ = {
			isa = XCBuildConfiguration;
			buildSettings = {
				ASSETCATALOG_COMPILER_APPICON_NAME = AppIcon;
				ASSETCATALOG_COMPILER_LAUNCHIMAGE_NAME = LaunchImage;
				CODE_SIGN_IDENTITY = "iPhone Distribution: Thomas S Finke (V7H4B3C39A)";
				FRAMEWORK_SEARCH_PATHS = (
					"$(inherited)",
					"/Users/Andrew/Documents/My\\ API/Tracking\\ API",
				);
				GCC_PRECOMPILE_PREFIX_HEADER = YES;
				GCC_PREFIX_HEADER = "census/census-Prefix.pch";
				INFOPLIST_FILE = "census/census-Info.plist";
				IPHONEOS_DEPLOYMENT_TARGET = 7.0;
				LIBRARY_SEARCH_PATHS = (
					"$(inherited)",
					"/Users/Andrew/Documents/My\\ API/Tracking\\ API/Flurry",
					"/Users/Andrew/Documents/My\\ API/Tracking\\ API/TestFlight",
				);
				PRODUCT_NAME = "$(TARGET_NAME)";
				PROVISIONING_PROFILE = "8CD5BEF8-53D5-42E0-85F6-3C001E1F7620";
				TARGETED_DEVICE_FAMILY = 1;
				WRAPPER_EXTENSION = app;
			};
			name = Release;
		};
		4934416D1811F4FF009123A9 /* Debug */ = {
			isa = XCBuildConfiguration;
			buildSettings = {
				ARCHS = "$(ARCHS_STANDARD_INCLUDING_64_BIT)";
				BUNDLE_LOADER = "$(BUILT_PRODUCTS_DIR)/census.app/census";
				FRAMEWORK_SEARCH_PATHS = (
					"$(SDKROOT)/Developer/Library/Frameworks",
					"$(inherited)",
					"$(DEVELOPER_FRAMEWORKS_DIR)",
				);
				GCC_PRECOMPILE_PREFIX_HEADER = YES;
				GCC_PREFIX_HEADER = "census/census-Prefix.pch";
				GCC_PREPROCESSOR_DEFINITIONS = (
					"DEBUG=1",
					"$(inherited)",
				);
				INFOPLIST_FILE = "censusTests/censusTests-Info.plist";
				PRODUCT_NAME = "$(TARGET_NAME)";
				TEST_HOST = "$(BUNDLE_LOADER)";
				WRAPPER_EXTENSION = xctest;
			};
			name = Debug;
		};
		4934416E1811F4FF009123A9 /* Release */ = {
			isa = XCBuildConfiguration;
			buildSettings = {
				ARCHS = "$(ARCHS_STANDARD_INCLUDING_64_BIT)";
				BUNDLE_LOADER = "$(BUILT_PRODUCTS_DIR)/census.app/census";
				FRAMEWORK_SEARCH_PATHS = (
					"$(SDKROOT)/Developer/Library/Frameworks",
					"$(inherited)",
					"$(DEVELOPER_FRAMEWORKS_DIR)",
				);
				GCC_PRECOMPILE_PREFIX_HEADER = YES;
				GCC_PREFIX_HEADER = "census/census-Prefix.pch";
				INFOPLIST_FILE = "censusTests/censusTests-Info.plist";
				PRODUCT_NAME = "$(TARGET_NAME)";
				TEST_HOST = "$(BUNDLE_LOADER)";
				WRAPPER_EXTENSION = xctest;
			};
			name = Release;
		};
/* End XCBuildConfiguration section */

/* Begin XCConfigurationList section */
		493441321811F4FF009123A9 /* Build configuration list for PBXProject "census" */ = {
			isa = XCConfigurationList;
			buildConfigurations = (
				493441671811F4FF009123A9 /* Debug */,
				493441681811F4FF009123A9 /* Release */,
			);
			defaultConfigurationIsVisible = 0;
			defaultConfigurationName = Release;
		};
		493441691811F4FF009123A9 /* Build configuration list for PBXNativeTarget "census" */ = {
			isa = XCConfigurationList;
			buildConfigurations = (
				4934416A1811F4FF009123A9 /* Debug */,
				4934416B1811F4FF009123A9 /* Release */,
			);
			defaultConfigurationIsVisible = 0;
			defaultConfigurationName = Release;
		};
		4934416C1811F4FF009123A9 /* Build configuration list for PBXNativeTarget "censusTests" */ = {
			isa = XCConfigurationList;
			buildConfigurations = (
				4934416D1811F4FF009123A9 /* Debug */,
				4934416E1811F4FF009123A9 /* Release */,
			);
			defaultConfigurationIsVisible = 0;
			defaultConfigurationName = Release;
		};
/* End XCConfigurationList section */
	};
	rootObject = 4934412F1811F4FF009123A9 /* Project object */;
}
